// !$*UTF8*$!
{
	archiveVersion = 1;
	classes = {
	};
	objectVersion = 46;
	objects = {

/* Begin PBXBuildFile section */
		B2E32FB41CD75CBA003D0BF8 /* main.m in Sources */ = {isa = PBXBuildFile; fileRef = B2E32FB31CD75CBA003D0BF8 /* main.m */; };
		B2E32FB71CD75CBA003D0BF8 /* AppDelegate.m in Sources */ = {isa = PBXBuildFile; fileRef = B2E32FB61CD75CBA003D0BF8 /* AppDelegate.m */; };
		B2E32FBA1CD75CBA003D0BF8 /* ViewController.m in Sources */ = {isa = PBXBuildFile; fileRef = B2E32FB91CD75CBA003D0BF8 /* ViewController.m */; };
		B2E32FBD1CD75CBA003D0BF8 /* Main.storyboard in Resources */ = {isa = PBXBuildFile; fileRef = B2E32FBB1CD75CBA003D0BF8 /* Main.storyboard */; };
		B2E32FBF1CD75CBA003D0BF8 /* Assets.xcassets in Resources */ = {isa = PBXBuildFile; fileRef = B2E32FBE1CD75CBA003D0BF8 /* Assets.xcassets */; };
		B2E32FC21CD75CBA003D0BF8 /* LaunchScreen.storyboard in Resources */ = {isa = PBXBuildFile; fileRef = B2E32FC01CD75CBA003D0BF8 /* LaunchScreen.storyboard */; };
		B2E32FCD1CD75CBA003D0BF8 /* TableViewTestTests.m in Sources */ = {isa = PBXBuildFile; fileRef = B2E32FCC1CD75CBA003D0BF8 /* TableViewTestTests.m */; };
		B2E32FD81CD75CBA003D0BF8 /* TableViewTestUITests.m in Sources */ = {isa = PBXBuildFile; fileRef = B2E32FD71CD75CBA003D0BF8 /* TableViewTestUITests.m */; };
/* End PBXBuildFile section */

/* Begin PBXContainerItemProxy section */
		B2E32FC91CD75CBA003D0BF8 /* PBXContainerItemProxy */ = {
			isa = PBXContainerItemProxy;
			containerPortal = B2E32FA71CD75CBA003D0BF8 /* Project object */;
			proxyType = 1;
			remoteGlobalIDString = B2E32FAE1CD75CBA003D0BF8;
			remoteInfo = TableViewTest;
		};
		B2E32FD41CD75CBA003D0BF8 /* PBXContainerItemProxy */ = {
			isa = PBXContainerItemProxy;
			containerPortal = B2E32FA71CD75CBA003D0BF8 /* Project object */;
			proxyType = 1;
			remoteGlobalIDString = B2E32FAE1CD75CBA003D0BF8;
			remoteInfo = TableViewTest;
		};
/* End PBXContainerItemProxy section */

/* Begin PBXFileReference section */
		B2E32FAF1CD75CBA003D0BF8 /* TableViewTest.app */ = {isa = PBXFileReference; explicitFileType = wrapper.application; includeInIndex = 0; path = TableViewTest.app; sourceTree = BUILT_PRODUCTS_DIR; };
		B2E32FB31CD75CBA003D0BF8 /* main.m */ = {isa = PBXFileReference; lastKnownFileType = sourcecode.c.objc; path = main.m; sourceTree = "<group>"; };
		B2E32FB51CD75CBA003D0BF8 /* AppDelegate.h */ = {isa = PBXFileReference; lastKnownFileType = sourcecode.c.h; path = AppDelegate.h; sourceTree = "<group>"; };
		B2E32FB61CD75CBA003D0BF8 /* AppDelegate.m */ = {isa = PBXFileReference; lastKnownFileType = sourcecode.c.objc; path = AppDelegate.m; sourceTree = "<group>"; };
		B2E32FB81CD75CBA003D0BF8 /* ViewController.h */ = {isa = PBXFileReference; lastKnownFileType = sourcecode.c.h; path = ViewController.h; sourceTree = "<group>"; };
		B2E32FB91CD75CBA003D0BF8 /* ViewController.m */ = {isa = PBXFileReference; lastKnownFileType = sourcecode.c.objc; path = ViewController.m; sourceTree = "<group>"; };
		B2E32FBC1CD75CBA003D0BF8 /* Base */ = {isa = PBXFileReference; lastKnownFileType = file.storyboard; name = Base; path = Base.lproj/Main.storyboard; sourceTree = "<group>"; };
		B2E32FBE1CD75CBA003D0BF8 /* Assets.xcassets */ = {isa = PBXFileReference; lastKnownFileType = folder.assetcatalog; path = Assets.xcassets; sourceTree = "<group>"; };
		B2E32FC11CD75CBA003D0BF8 /* Base */ = {isa = PBXFileReference; lastKnownFileType = file.storyboard; name = Base; path = Base.lproj/LaunchScreen.storyboard; sourceTree = "<group>"; };
		B2E32FC31CD75CBA003D0BF8 /* Info.plist */ = {isa = PBXFileReference; lastKnownFileType = text.plist.xml; path = Info.plist; sourceTree = "<group>"; };
		B2E32FC81CD75CBA003D0BF8 /* TableViewTestTests.xctest */ = {isa = PBXFileReference; explicitFileType = wrapper.cfbundle; includeInIndex = 0; path = TableViewTestTests.xctest; sourceTree = BUILT_PRODUCTS_DIR; };
		B2E32FCC1CD75CBA003D0BF8 /* TableViewTestTests.m */ = {isa = PBXFileReference; lastKnownFileType = sourcecode.c.objc; path = TableViewTestTests.m; sourceTree = "<group>"; };
		B2E32FCE1CD75CBA003D0BF8 /* Info.plist */ = {isa = PBXFileReference; lastKnownFileType = text.plist.xml; path = Info.plist; sourceTree = "<group>"; };
		B2E32FD31CD75CBA003D0BF8 /* TableViewTestUITests.xctest */ = {isa = PBXFileReference; explicitFileType = wrapper.cfbundle; includeInIndex = 0; path = TableViewTestUITests.xctest; sourceTree = BUILT_PRODUCTS_DIR; };
		B2E32FD71CD75CBA003D0BF8 /* TableViewTestUITests.m */ = {isa = PBXFileReference; lastKnownFileType = sourcecode.c.objc; path = TableViewTestUITests.m; sourceTree = "<group>"; };
		B2E32FD91CD75CBA003D0BF8 /* Info.plist */ = {isa = PBXFileReference; lastKnownFileType = text.plist.xml; path = Info.plist; sourceTree = "<group>"; };
/* End PBXFileReference section */

/* Begin PBXFrameworksBuildPhase section */
		B2E32FAC1CD75CBA003D0BF8 /* Frameworks */ = {
			isa = PBXFrameworksBuildPhase;
			buildActionMask = 2147483647;
			files = (
			);
			runOnlyForDeploymentPostprocessing = 0;
		};
		B2E32FC51CD75CBA003D0BF8 /* Frameworks */ = {
			isa = PBXFrameworksBuildPhase;
			buildActionMask = 2147483647;
			files = (
			);
			runOnlyForDeploymentPostprocessing = 0;
		};
		B2E32FD01CD75CBA003D0BF8 /* Frameworks */ = {
			isa = PBXFrameworksBuildPhase;
			buildActionMask = 2147483647;
			files = (
			);
			runOnlyForDeploymentPostprocessing = 0;
		};
/* End PBXFrameworksBuildPhase section */

/* Begin PBXGroup section */
		B2E32FA61CD75CBA003D0BF8 = {
			isa = PBXGroup;
			children = (
				B2E32FB11CD75CBA003D0BF8 /* TableViewTest */,
				B2E32FCB1CD75CBA003D0BF8 /* TableViewTestTests */,
				B2E32FD61CD75CBA003D0BF8 /* TableViewTestUITests */,
				B2E32FB01CD75CBA003D0BF8 /* Products */,
			);
			sourceTree = "<group>";
		};
		B2E32FB01CD75CBA003D0BF8 /* Products */ = {
			isa = PBXGroup;
			children = (
				B2E32FAF1CD75CBA003D0BF8 /* TableViewTest.app */,
				B2E32FC81CD75CBA003D0BF8 /* TableViewTestTests.xctest */,
				B2E32FD31CD75CBA003D0BF8 /* TableViewTestUITests.xctest */,
			);
			name = Products;
			sourceTree = "<group>";
		};
		B2E32FB11CD75CBA003D0BF8 /* TableViewTest */ = {
			isa = PBXGroup;
			children = (
				B2E32FB51CD75CBA003D0BF8 /* AppDelegate.h */,
				B2E32FB61CD75CBA003D0BF8 /* AppDelegate.m */,
				B2E32FB81CD75CBA003D0BF8 /* ViewController.h */,
				B2E32FB91CD75CBA003D0BF8 /* ViewController.m */,
				B2E32FBB1CD75CBA003D0BF8 /* Main.storyboard */,
				B2E32FBE1CD75CBA003D0BF8 /* Assets.xcassets */,
				B2E32FC01CD75CBA003D0BF8 /* LaunchScreen.storyboard */,
				B2E32FC31CD75CBA003D0BF8 /* Info.plist */,
				B2E32FB21CD75CBA003D0BF8 /* Supporting Files */,
			);
			path = TableViewTest;
			sourceTree = "<group>";
		};
		B2E32FB21CD75CBA003D0BF8 /* Supporting Files */ = {
			isa = PBXGroup;
			children = (
				B2E32FB31CD75CBA003D0BF8 /* main.m */,
			);
			name = "Supporting Files";
			sourceTree = "<group>";
		};
		B2E32FCB1CD75CBA003D0BF8 /* TableViewTestTests */ = {
			isa = PBXGroup;
			children = (
				B2E32FCC1CD75CBA003D0BF8 /* TableViewTestTests.m */,
				B2E32FCE1CD75CBA003D0BF8 /* Info.plist */,
			);
			path = TableViewTestTests;
			sourceTree = "<group>";
		};
		B2E32FD61CD75CBA003D0BF8 /* TableViewTestUITests */ = {
			isa = PBXGroup;
			children = (
				B2E32FD71CD75CBA003D0BF8 /* TableViewTestUITests.m */,
				B2E32FD91CD75CBA003D0BF8 /* Info.plist */,
			);
			path = TableViewTestUITests;
			sourceTree = "<group>";
		};
/* End PBXGroup section */

/* Begin PBXNativeTarget section */
		B2E32FAE1CD75CBA003D0BF8 /* TableViewTest */ = {
			isa = PBXNativeTarget;
			buildConfigurationList = B2E32FDC1CD75CBA003D0BF8 /* Build configuration list for PBXNativeTarget "TableViewTest" */;
			buildPhases = (
				B2E32FAB1CD75CBA003D0BF8 /* Sources */,
				B2E32FAC1CD75CBA003D0BF8 /* Frameworks */,
				B2E32FAD1CD75CBA003D0BF8 /* Resources */,
			);
			buildRules = (
			);
			dependencies = (
			);
			name = TableViewTest;
			productName = TableViewTest;
			productReference = B2E32FAF1CD75CBA003D0BF8 /* TableViewTest.app */;
			productType = "com.apple.product-type.application";
		};
		B2E32FC71CD75CBA003D0BF8 /* TableViewTestTests */ = {
			isa = PBXNativeTarget;
			buildConfigurationList = B2E32FDF1CD75CBA003D0BF8 /* Build configuration list for PBXNativeTarget "TableViewTestTests" */;
			buildPhases = (
				B2E32FC41CD75CBA003D0BF8 /* Sources */,
				B2E32FC51CD75CBA003D0BF8 /* Frameworks */,
				B2E32FC61CD75CBA003D0BF8 /* Resources */,
			);
			buildRules = (
			);
			dependencies = (
				B2E32FCA1CD75CBA003D0BF8 /* PBXTargetDependency */,
			);
			name = TableViewTestTests;
			productName = TableViewTestTests;
			productReference = B2E32FC81CD75CBA003D0BF8 /* TableViewTestTests.xctest */;
			productType = "com.apple.product-type.bundle.unit-test";
		};
		B2E32FD21CD75CBA003D0BF8 /* TableViewTestUITests */ = {
			isa = PBXNativeTarget;
			buildConfigurationList = B2E32FE21CD75CBA003D0BF8 /* Build configuration list for PBXNativeTarget "TableViewTestUITests" */;
			buildPhases = (
				B2E32FCF1CD75CBA003D0BF8 /* Sources */,
				B2E32FD01CD75CBA003D0BF8 /* Frameworks */,
				B2E32FD11CD75CBA003D0BF8 /* Resources */,
			);
			buildRules = (
			);
			dependencies = (
				B2E32FD51CD75CBA003D0BF8 /* PBXTargetDependency */,
			);
			name = TableViewTestUITests;
			productName = TableViewTestUITests;
			productReference = B2E32FD31CD75CBA003D0BF8 /* TableViewTestUITests.xctest */;
			productType = "com.apple.product-type.bundle.ui-testing";
		};
/* End PBXNativeTarget section */

/* Begin PBXProject section */
		B2E32FA71CD75CBA003D0BF8 /* Project object */ = {
			isa = PBXProject;
			attributes = {
				LastUpgradeCheck = 0720;
				ORGANIZATIONNAME = teks;
				TargetAttributes = {
					B2E32FAE1CD75CBA003D0BF8 = {
						CreatedOnToolsVersion = 7.2;
					};
					B2E32FC71CD75CBA003D0BF8 = {
						CreatedOnToolsVersion = 7.2;
						TestTargetID = B2E32FAE1CD75CBA003D0BF8;
					};
					B2E32FD21CD75CBA003D0BF8 = {
						CreatedOnToolsVersion = 7.2;
						TestTargetID = B2E32FAE1CD75CBA003D0BF8;
					};
				};
			};
			buildConfigurationList = B2E32FAA1CD75CBA003D0BF8 /* Build configuration list for PBXProject "TableViewTest" */;
			compatibilityVersion = "Xcode 3.2";
			developmentRegion = English;
			hasScannedForEncodings = 0;
			knownRegions = (
				en,
				Base,
			);
			mainGroup = B2E32FA61CD75CBA003D0BF8;
			productRefGroup = B2E32FB01CD75CBA003D0BF8 /* Products */;
			projectDirPath = "";
			projectRoot = "";
			targets = (
				B2E32FAE1CD75CBA003D0BF8 /* TableViewTest */,
				B2E32FC71CD75CBA003D0BF8 /* TableViewTestTests */,
				B2E32FD21CD75CBA003D0BF8 /* TableViewTestUITests */,
			);
		};
/* End PBXProject section */

/* Begin PBXResourcesBuildPhase section */
		B2E32FAD1CD75CBA003D0BF8 /* Resources */ = {
			isa = PBXResourcesBuildPhase;
			buildActionMask = 2147483647;
			files = (
				B2E32FC21CD75CBA003D0BF8 /* LaunchScreen.storyboard in Resources */,
				B2E32FBF1CD75CBA003D0BF8 /* Assets.xcassets in Resources */,
				B2E32FBD1CD75CBA003D0BF8 /* Main.storyboard in Resources */,
			);
			runOnlyForDeploymentPostprocessing = 0;
		};
		B2E32FC61CD75CBA003D0BF8 /* Resources */ = {
			isa = PBXResourcesBuildPhase;
			buildActionMask = 2147483647;
			files = (
			);
			runOnlyForDeploymentPostprocessing = 0;
		};
		B2E32FD11CD75CBA003D0BF8 /* Resources */ = {
			isa = PBXResourcesBuildPhase;
			buildActionMask = 2147483647;
			files = (
			);
			runOnlyForDeploymentPostprocessing = 0;
		};
/* End PBXResourcesBuildPhase section */

/* Begin PBXSourcesBuildPhase section */
		B2E32FAB1CD75CBA003D0BF8 /* Sources */ = {
			isa = PBXSourcesBuildPhase;
			buildActionMask = 2147483647;
			files = (
				B2E32FBA1CD75CBA003D0BF8 /* ViewController.m in Sources */,
				B2E32FB71CD75CBA003D0BF8 /* AppDelegate.m in Sources */,
				B2E32FB41CD75CBA003D0BF8 /* main.m in Sources */,
			);
			runOnlyForDeploymentPostprocessing = 0;
		};
		B2E32FC41CD75CBA003D0BF8 /* Sources */ = {
			isa = PBXSourcesBuildPhase;
			buildActionMask = 2147483647;
			files = (
				B2E32FCD1CD75CBA003D0BF8 /* TableViewTestTests.m in Sources */,
			);
			runOnlyForDeploymentPostprocessing = 0;
		};
		B2E32FCF1CD75CBA003D0BF8 /* Sources */ = {
			isa = PBXSourcesBuildPhase;
			buildActionMask = 2147483647;
			files = (
				B2E32FD81CD75CBA003D0BF8 /* TableViewTestUITests.m in Sources */,
			);
			runOnlyForDeploymentPostprocessing = 0;
		};
/* End PBXSourcesBuildPhase section */

/* Begin PBXTargetDependency section */
		B2E32FCA1CD75CBA003D0BF8 /* PBXTargetDependency */ = {
			isa = PBXTargetDependency;
			target = B2E32FAE1CD75CBA003D0BF8 /* TableViewTest */;
			targetProxy = B2E32FC91CD75CBA003D0BF8 /* PBXContainerItemProxy */;
		};
		B2E32FD51CD75CBA003D0BF8 /* PBXTargetDependency */ = {
			isa = PBXTargetDependency;
			target = B2E32FAE1CD75CBA003D0BF8 /* TableViewTest */;
			targetProxy = B2E32FD41CD75CBA003D0BF8 /* PBXContainerItemProxy */;
		};
/* End PBXTargetDependency section */

/* Begin PBXVariantGroup section */
		B2E32FBB1CD75CBA003D0BF8 /* Main.storyboard */ = {
			isa = PBXVariantGroup;
			children = (
				B2E32FBC1CD75CBA003D0BF8 /* Base */,
			);
			name = Main.storyboard;
			sourceTree = "<group>";
		};
		B2E32FC01CD75CBA003D0BF8 /* LaunchScreen.storyboard */ = {
			isa = PBXVariantGroup;
			children = (
				B2E32FC11CD75CBA003D0BF8 /* Base */,
			);
			name = LaunchScreen.storyboard;
			sourceTree = "<group>";
		};
/* End PBXVariantGroup section */

/* Begin XCBuildConfiguration section */
		B2E32FDA1CD75CBA003D0BF8 /* Debug */ = {
			isa = XCBuildConfiguration;
			buildSettings = {
				ALWAYS_SEARCH_USER_PATHS = NO;
				CLANG_CXX_LANGUAGE_STANDARD = "gnu++0x";
				CLANG_CXX_LIBRARY = "libc++";
				CLANG_ENABLE_MODULES = YES;
				CLANG_ENABLE_OBJC_ARC = YES;
				CLANG_WARN_BOOL_CONVERSION = YES;
				CLANG_WARN_CONSTANT_CONVERSION = YES;
				CLANG_WARN_DIRECT_OBJC_ISA_USAGE = YES_ERROR;
				CLANG_WARN_EMPTY_BODY = YES;
				CLANG_WARN_ENUM_CONVERSION = YES;
				CLANG_WARN_INT_CONVERSION = YES;
				CLANG_WARN_OBJC_ROOT_CLASS = YES_ERROR;
				CLANG_WARN_UNREACHABLE_CODE = YES;
				CLANG_WARN__DUPLICATE_METHOD_MATCH = YES;
				"CODE_SIGN_IDENTITY[sdk=iphoneos*]" = "iPhone Developer";
				COPY_PHASE_STRIP = NO;
				DEBUG_INFORMATION_FORMAT = dwarf;
				ENABLE_STRICT_OBJC_MSGSEND = YES;
				ENABLE_TESTABILITY = YES;
				GCC_C_LANGUAGE_STANDARD = gnu99;
				GCC_DYNAMIC_NO_PIC = NO;
				GCC_NO_COMMON_BLOCKS = YES;
				GCC_OPTIMIZATION_LEVEL = 0;
				GCC_PREPROCESSOR_DEFINITIONS = (
					"DEBUG=1",
					"$(inherited)",
				);
				GCC_WARN_64_TO_32_BIT_CONVERSION = YES;
				GCC_WARN_ABOUT_RETURN_TYPE = YES_ERROR;
				GCC_WARN_UNDECLARED_SELECTOR = YES;
				GCC_WARN_UNINITIALIZED_AUTOS = YES_AGGRESSIVE;
				GCC_WARN_UNUSED_FUNCTION = YES;
				GCC_WARN_UNUSED_VARIABLE = YES;
				IPHONEOS_DEPLOYMENT_TARGET = 9.2;
				MTL_ENABLE_DEBUG_INFO = YES;
				ONLY_ACTIVE_ARCH = YES;
				SDKROOT = iphoneos;
			};
			name = Debug;
		};
		B2E32FDB1CD75CBA003D0BF8 /* Release */ = {
			isa = XCBuildConfiguration;
			buildSettings = {
				ALWAYS_SEARCH_USER_PATHS = NO;
				CLANG_CXX_LANGUAGE_STANDARD = "gnu++0x";
				CLANG_CXX_LIBRARY = "libc++";
				CLANG_ENABLE_MODULES = YES;
				CLANG_ENABLE_OBJC_ARC = YES;
				CLANG_WARN_BOOL_CONVERSION = YES;
				CLANG_WARN_CONSTANT_CONVERSION = YES;
				CLANG_WARN_DIRECT_OBJC_ISA_USAGE = YES_ERROR;
				CLANG_WARN_EMPTY_BODY = YES;
				CLANG_WARN_ENUM_CONVERSION = YES;
				CLANG_WARN_INT_CONVERSION = YES;
				CLANG_WARN_OBJC_ROOT_CLASS = YES_ERROR;
				CLANG_WARN_UNREACHABLE_CODE = YES;
				CLANG_WARN__DUPLICATE_METHOD_MATCH = YES;
				"CODE_SIGN_IDENTITY[sdk=iphoneos*]" = "iPhone Developer";
				COPY_PHASE_STRIP = NO;
				DEBUG_INFORMATION_FORMAT = "dwarf-with-dsym";
				ENABLE_NS_ASSERTIONS = NO;
				ENABLE_STRICT_OBJC_MSGSEND = YES;
				GCC_C_LANGUAGE_STANDARD = gnu99;
				GCC_NO_COMMON_BLOCKS = YES;
				GCC_WARN_64_TO_32_BIT_CONVERSION = YES;
				GCC_WARN_ABOUT_RETURN_TYPE = YES_ERROR;
				GCC_WARN_UNDECLARED_SELECTOR = YES;
				GCC_WARN_UNINITIALIZED_AUTOS = YES_AGGRESSIVE;
				GCC_WARN_UNUSED_FUNCTION = YES;
				GCC_WARN_UNUSED_VARIABLE = YES;
				IPHONEOS_DEPLOYMENT_TARGET = 9.2;
				MTL_ENABLE_DEBUG_INFO = NO;
				SDKROOT = iphoneos;
				VALIDATE_PRODUCT = YES;
			};
			name = Release;
		};
		B2E32FDD1CD75CBA003D0BF8 /* Debug */ = {
			isa = XCBuildConfiguration;
			buildSettings = {
				ASSETCATALOG_COMPILER_APPICON_NAME = AppIcon;
				INFOPLIST_FILE = TableViewTest/Info.plist;
				LD_RUNPATH_SEARCH_PATHS = "$(inherited) @executable_path/Frameworks";
				PRODUCT_BUNDLE_IDENTIFIER = com.teck.TableViewTest;
				PRODUCT_NAME = "$(TARGET_NAME)";
			};
			name = Debug;
		};
		B2E32FDE1CD75CBA003D0BF8 /* Release */ = {
			isa = XCBuildConfiguration;
			buildSettings = {
				ASSETCATALOG_COMPILER_APPICON_NAME = AppIcon;
				INFOPLIST_FILE = TableViewTest/Info.plist;
				LD_RUNPATH_SEARCH_PATHS = "$(inherited) @executable_path/Frameworks";
				PRODUCT_BUNDLE_IDENTIFIER = com.teck.TableViewTest;
				PRODUCT_NAME = "$(TARGET_NAME)";
			};
			name = Release;
		};
		B2E32FE01CD75CBA003D0BF8 /* Debug */ = {
			isa = XCBuildConfiguration;
			buildSettings = {
				BUNDLE_LOADER = "$(TEST_HOST)";
				INFOPLIST_FILE = TableViewTestTests/Info.plist;
				LD_RUNPATH_SEARCH_PATHS = "$(inherited) @executable_path/Frameworks @loader_path/Frameworks";
				PRODUCT_BUNDLE_IDENTIFIER = com.teck.TableViewTestTests;
				PRODUCT_NAME = "$(TARGET_NAME)";
				TEST_HOST = "$(BUILT_PRODUCTS_DIR)/TableViewTest.app/TableViewTest";
			};
			name = Debug;
		};
		B2E32FE11CD75CBA003D0BF8 /* Release */ = {
			isa = XCBuildConfiguration;
			buildSettings = {
				BUNDLE_LOADER = "$(TEST_HOST)";
				INFOPLIST_FILE = TableViewTestTests/Info.plist;
				LD_RUNPATH_SEARCH_PATHS = "$(inherited) @executable_path/Frameworks @loader_path/Frameworks";
				PRODUCT_BUNDLE_IDENTIFIER = com.teck.TableViewTestTests;
				PRODUCT_NAME = "$(TARGET_NAME)";
				TEST_HOST = "$(BUILT_PRODUCTS_DIR)/TableViewTest.app/TableViewTest";
			};
			name = Release;
		};
		B2E32FE31CD75CBA003D0BF8 /* Debug */ = {
			isa = XCBuildConfiguration;
			buildSettings = {
				INFOPLIST_FILE = TableViewTestUITests/Info.plist;
				LD_RUNPATH_SEARCH_PATHS = "$(inherited) @executable_path/Frameworks @loader_path/Frameworks";
				PRODUCT_BUNDLE_IDENTIFIER = com.teck.TableViewTestUITests;
				PRODUCT_NAME = "$(TARGET_NAME)";
				TEST_TARGET_NAME = TableViewTest;
				USES_XCTRUNNER = YES;
			};
			name = Debug;
		};
		B2E32FE41CD75CBA003D0BF8 /* Release */ = {
			isa = XCBuildConfiguration;
			buildSettings = {
				INFOPLIST_FILE = TableViewTestUITests/Info.plist;
				LD_RUNPATH_SEARCH_PATHS = "$(inherited) @executable_path/Frameworks @loader_path/Frameworks";
				PRODUCT_BUNDLE_IDENTIFIER = com.teck.TableViewTestUITests;
				PRODUCT_NAME = "$(TARGET_NAME)";
				TEST_TARGET_NAME = TableViewTest;
				USES_XCTRUNNER = YES;
			};
			name = Release;
		};
/* End XCBuildConfiguration section */

/* Begin XCConfigurationList section */
		B2E32FAA1CD75CBA003D0BF8 /* Build configuration list for PBXProject "TableViewTest" */ = {
			isa = XCConfigurationList;
			buildConfigurations = (
				B2E32FDA1CD75CBA003D0BF8 /* Debug */,
				B2E32FDB1CD75CBA003D0BF8 /* Release */,
			);
			defaultConfigurationIsVisible = 0;
			defaultConfigurationName = Release;
		};
		B2E32FDC1CD75CBA003D0BF8 /* Build configuration list for PBXNativeTarget "TableViewTest" */ = {
			isa = XCConfigurationList;
			buildConfigurations = (
				B2E32FDD1CD75CBA003D0BF8 /* Debug */,
				B2E32FDE1CD75CBA003D0BF8 /* Release */,
			);
			defaultConfigurationIsVisible = 0;
		};
		B2E32FDF1CD75CBA003D0BF8 /* Build configuration list for PBXNativeTarget "TableViewTestTests" */ = {
			isa = XCConfigurationList;
			buildConfigurations = (
				B2E32FE01CD75CBA003D0BF8 /* Debug */,
				B2E32FE11CD75CBA003D0BF8 /* Release */,
			);
			defaultConfigurationIsVisible = 0;
		};
		B2E32FE21CD75CBA003D0BF8 /* Build configuration list for PBXNativeTarget "TableViewTestUITests" */ = {
			isa = XCConfigurationList;
			buildConfigurations = (
				B2E32FE31CD75CBA003D0BF8 /* Debug */,
				B2E32FE41CD75CBA003D0BF8 /* Release */,
			);
			defaultConfigurationIsVisible = 0;
		};
/* End XCConfigurationList section */
	};
	rootObject = B2E32FA71CD75CBA003D0BF8 /* Project object */;
}
